// !$*UTF8*$!
{
	archiveVersion = 1;
	classes = {
	};
	objectVersion = 56;
	objects = {

/* Begin PBXBuildFile section */
		DD7C2D862A7A8A6D00ABE41F /* AppDelegate.swift in Sources */ = {isa = PBXBuildFile; fileRef = DD7C2D852A7A8A6D00ABE41F /* AppDelegate.swift */; };
		DD7C2D882A7A8A6D00ABE41F /* SceneDelegate.swift in Sources */ = {isa = PBXBuildFile; fileRef = DD7C2D872A7A8A6D00ABE41F /* SceneDelegate.swift */; };
		DD7C2D8A2A7A8A6D00ABE41F /* ViewController.swift in Sources */ = {isa = PBXBuildFile; fileRef = DD7C2D892A7A8A6D00ABE41F /* ViewController.swift */; };
		DD7C2D8D2A7A8A6D00ABE41F /* Main.storyboard in Resources */ = {isa = PBXBuildFile; fileRef = DD7C2D8B2A7A8A6D00ABE41F /* Main.storyboard */; };
		DD7C2D8F2A7A8A6E00ABE41F /* Assets.xcassets in Resources */ = {isa = PBXBuildFile; fileRef = DD7C2D8E2A7A8A6E00ABE41F /* Assets.xcassets */; };
		DD7C2D922A7A8A6E00ABE41F /* LaunchScreen.storyboard in Resources */ = {isa = PBXBuildFile; fileRef = DD7C2D902A7A8A6E00ABE41F /* LaunchScreen.storyboard */; };
		DD90D1232A7B9C6E00AC10AD /* ARFrame+Extension.swift in Sources */ = {isa = PBXBuildFile; fileRef = DD90D1222A7B9C6E00AC10AD /* ARFrame+Extension.swift */; };
		DDB130612A81287500E4ADCE /* HandMovementViewController.swift in Sources */ = {isa = PBXBuildFile; fileRef = DDB130602A81287500E4ADCE /* HandMovementViewController.swift */; };
		DDEC078F2A7BA8CC000D2A4E /* ConfidenceViewController.swift in Sources */ = {isa = PBXBuildFile; fileRef = DDEC078E2A7BA8CC000D2A4E /* ConfidenceViewController.swift */; };
		DDEC07912A7BAA6F000D2A4E /* DepthMapViewController.swift in Sources */ = {isa = PBXBuildFile; fileRef = DDEC07902A7BAA6F000D2A4E /* DepthMapViewController.swift */; };
		DDEC07932A7BDFFC000D2A4E /* BodyDistanceViewController.swift in Sources */ = {isa = PBXBuildFile; fileRef = DDEC07922A7BDFFC000D2A4E /* BodyDistanceViewController.swift */; };
		DDEC07952A7BE054000D2A4E /* EstimateBodyHeightViewController.swift in Sources */ = {isa = PBXBuildFile; fileRef = DDEC07942A7BE054000D2A4E /* EstimateBodyHeightViewController.swift */; };
/* End PBXBuildFile section */

/* Begin PBXFileReference section */
		DD7C2D822A7A8A6D00ABE41F /* MeinLidar.app */ = {isa = PBXFileReference; explicitFileType = wrapper.application; includeInIndex = 0; path = MeinLidar.app; sourceTree = BUILT_PRODUCTS_DIR; };
		DD7C2D852A7A8A6D00ABE41F /* AppDelegate.swift */ = {isa = PBXFileReference; lastKnownFileType = sourcecode.swift; path = AppDelegate.swift; sourceTree = "<group>"; };
		DD7C2D872A7A8A6D00ABE41F /* SceneDelegate.swift */ = {isa = PBXFileReference; lastKnownFileType = sourcecode.swift; path = SceneDelegate.swift; sourceTree = "<group>"; };
		DD7C2D892A7A8A6D00ABE41F /* ViewController.swift */ = {isa = PBXFileReference; lastKnownFileType = sourcecode.swift; path = ViewController.swift; sourceTree = "<group>"; };
		DD7C2D8C2A7A8A6D00ABE41F /* Base */ = {isa = PBXFileReference; lastKnownFileType = file.storyboard; name = Base; path = Base.lproj/Main.storyboard; sourceTree = "<group>"; };
		DD7C2D8E2A7A8A6E00ABE41F /* Assets.xcassets */ = {isa = PBXFileReference; lastKnownFileType = folder.assetcatalog; path = Assets.xcassets; sourceTree = "<group>"; };
		DD7C2D912A7A8A6E00ABE41F /* Base */ = {isa = PBXFileReference; lastKnownFileType = file.storyboard; name = Base; path = Base.lproj/LaunchScreen.storyboard; sourceTree = "<group>"; };
		DD7C2D932A7A8A6E00ABE41F /* Info.plist */ = {isa = PBXFileReference; lastKnownFileType = text.plist.xml; path = Info.plist; sourceTree = "<group>"; };
		DD90D1222A7B9C6E00AC10AD /* ARFrame+Extension.swift */ = {isa = PBXFileReference; lastKnownFileType = sourcecode.swift; path = "ARFrame+Extension.swift"; sourceTree = "<group>"; };
		DDB130602A81287500E4ADCE /* HandMovementViewController.swift */ = {isa = PBXFileReference; lastKnownFileType = sourcecode.swift; path = HandMovementViewController.swift; sourceTree = "<group>"; };
		DDEC078E2A7BA8CC000D2A4E /* ConfidenceViewController.swift */ = {isa = PBXFileReference; lastKnownFileType = sourcecode.swift; path = ConfidenceViewController.swift; sourceTree = "<group>"; };
		DDEC07902A7BAA6F000D2A4E /* DepthMapViewController.swift */ = {isa = PBXFileReference; lastKnownFileType = sourcecode.swift; path = DepthMapViewController.swift; sourceTree = "<group>"; };
		DDEC07922A7BDFFC000D2A4E /* BodyDistanceViewController.swift */ = {isa = PBXFileReference; lastKnownFileType = sourcecode.swift; path = BodyDistanceViewController.swift; sourceTree = "<group>"; };
		DDEC07942A7BE054000D2A4E /* EstimateBodyHeightViewController.swift */ = {isa = PBXFileReference; lastKnownFileType = sourcecode.swift; path = EstimateBodyHeightViewController.swift; sourceTree = "<group>"; };
/* End PBXFileReference section */

/* Begin PBXFrameworksBuildPhase section */
		DD7C2D7F2A7A8A6D00ABE41F /* Frameworks */ = {
			isa = PBXFrameworksBuildPhase;
			buildActionMask = 2147483647;
			files = (
			);
			runOnlyForDeploymentPostprocessing = 0;
		};
/* End PBXFrameworksBuildPhase section */

/* Begin PBXGroup section */
		DD7C2D792A7A8A6D00ABE41F = {
			isa = PBXGroup;
			children = (
				DD7C2D842A7A8A6D00ABE41F /* MeinLidar */,
				DD7C2D832A7A8A6D00ABE41F /* Products */,
			);
			sourceTree = "<group>";
		};
		DD7C2D832A7A8A6D00ABE41F /* Products */ = {
			isa = PBXGroup;
			children = (
				DD7C2D822A7A8A6D00ABE41F /* MeinLidar.app */,
			);
			name = Products;
			sourceTree = "<group>";
		};
		DD7C2D842A7A8A6D00ABE41F /* MeinLidar */ = {
			isa = PBXGroup;
			children = (
				DD7C2D852A7A8A6D00ABE41F /* AppDelegate.swift */,
				DD7C2D872A7A8A6D00ABE41F /* SceneDelegate.swift */,
				DD7C2D892A7A8A6D00ABE41F /* ViewController.swift */,
				DD7C2D8B2A7A8A6D00ABE41F /* Main.storyboard */,
				DD7C2D8E2A7A8A6E00ABE41F /* Assets.xcassets */,
				DD7C2D902A7A8A6E00ABE41F /* LaunchScreen.storyboard */,
				DD7C2D932A7A8A6E00ABE41F /* Info.plist */,
				DD90D1222A7B9C6E00AC10AD /* ARFrame+Extension.swift */,
				DDEC078E2A7BA8CC000D2A4E /* ConfidenceViewController.swift */,
				DDEC07902A7BAA6F000D2A4E /* DepthMapViewController.swift */,
				DDEC07922A7BDFFC000D2A4E /* BodyDistanceViewController.swift */,
				DDEC07942A7BE054000D2A4E /* EstimateBodyHeightViewController.swift */,
				DDB130602A81287500E4ADCE /* HandMovementViewController.swift */,
			);
			path = MeinLidar;
			sourceTree = "<group>";
		};
/* End PBXGroup section */

/* Begin PBXNativeTarget section */
		DD7C2D812A7A8A6D00ABE41F /* MeinLidar */ = {
			isa = PBXNativeTarget;
			buildConfigurationList = DD7C2D962A7A8A6E00ABE41F /* Build configuration list for PBXNativeTarget "MeinLidar" */;
			buildPhases = (
				DD7C2D7E2A7A8A6D00ABE41F /* Sources */,
				DD7C2D7F2A7A8A6D00ABE41F /* Frameworks */,
				DD7C2D802A7A8A6D00ABE41F /* Resources */,
			);
			buildRules = (
			);
			dependencies = (
			);
			name = MeinLidar;
			productName = MeinLidar;
			productReference = DD7C2D822A7A8A6D00ABE41F /* MeinLidar.app */;
			productType = "com.apple.product-type.application";
		};
/* End PBXNativeTarget section */

/* Begin PBXProject section */
		DD7C2D7A2A7A8A6D00ABE41F /* Project object */ = {
			isa = PBXProject;
			attributes = {
				BuildIndependentTargetsInParallel = 1;
				LastSwiftUpdateCheck = 1430;
				LastUpgradeCheck = 1430;
				TargetAttributes = {
					DD7C2D812A7A8A6D00ABE41F = {
						CreatedOnToolsVersion = 14.3;
					};
				};
			};
			buildConfigurationList = DD7C2D7D2A7A8A6D00ABE41F /* Build configuration list for PBXProject "MeinLidar" */;
			compatibilityVersion = "Xcode 14.0";
			developmentRegion = en;
			hasScannedForEncodings = 0;
			knownRegions = (
				en,
				Base,
			);
			mainGroup = DD7C2D792A7A8A6D00ABE41F;
			productRefGroup = DD7C2D832A7A8A6D00ABE41F /* Products */;
			projectDirPath = "";
			projectRoot = "";
			targets = (
				DD7C2D812A7A8A6D00ABE41F /* MeinLidar */,
			);
		};
/* End PBXProject section */

/* Begin PBXResourcesBuildPhase section */
		DD7C2D802A7A8A6D00ABE41F /* Resources */ = {
			isa = PBXResourcesBuildPhase;
			buildActionMask = 2147483647;
			files = (
				DD7C2D922A7A8A6E00ABE41F /* LaunchScreen.storyboard in Resources */,
				DD7C2D8F2A7A8A6E00ABE41F /* Assets.xcassets in Resources */,
				DD7C2D8D2A7A8A6D00ABE41F /* Main.storyboard in Resources */,
			);
			runOnlyForDeploymentPostprocessing = 0;
		};
/* End PBXResourcesBuildPhase section */

/* Begin PBXSourcesBuildPhase section */
		DD7C2D7E2A7A8A6D00ABE41F /* Sources */ = {
			isa = PBXSourcesBuildPhase;
			buildActionMask = 2147483647;
			files = (
				DD90D1232A7B9C6E00AC10AD /* ARFrame+Extension.swift in Sources */,
				DDB130612A81287500E4ADCE /* HandMovementViewController.swift in Sources */,
				DD7C2D8A2A7A8A6D00ABE41F /* ViewController.swift in Sources */,
				DDEC078F2A7BA8CC000D2A4E /* ConfidenceViewController.swift in Sources */,
				DDEC07952A7BE054000D2A4E /* EstimateBodyHeightViewController.swift in Sources */,
				DDEC07932A7BDFFC000D2A4E /* BodyDistanceViewController.swift in Sources */,
				DDEC07912A7BAA6F000D2A4E /* DepthMapViewController.swift in Sources */,
				DD7C2D862A7A8A6D00ABE41F /* AppDelegate.swift in Sources */,
				DD7C2D882A7A8A6D00ABE41F /* SceneDelegate.swift in Sources */,
			);
			runOnlyForDeploymentPostprocessing = 0;
		};
/* End PBXSourcesBuildPhase section */

/* Begin PBXVariantGroup section */
		DD7C2D8B2A7A8A6D00ABE41F /* Main.storyboard */ = {
			isa = PBXVariantGroup;
			children = (
				DD7C2D8C2A7A8A6D00ABE41F /* Base */,
			);
			name = Main.storyboard;
			sourceTree = "<group>";
		};
		DD7C2D902A7A8A6E00ABE41F /* LaunchScreen.storyboard */ = {
			isa = PBXVariantGroup;
			children = (
				DD7C2D912A7A8A6E00ABE41F /* Base */,
			);
			name = LaunchScreen.storyboard;
			sourceTree = "<group>";
		};
/* End PBXVariantGroup section */

/* Begin XCBuildConfiguration section */
		DD7C2D942A7A8A6E00ABE41F /* Debug */ = {
			isa = XCBuildConfiguration;
			buildSettings = {
				ALWAYS_SEARCH_USER_PATHS = NO;
				CLANG_ANALYZER_NONNULL = YES;
				CLANG_ANALYZER_NUMBER_OBJECT_CONVERSION = YES_AGGRESSIVE;
				CLANG_CXX_LANGUAGE_STANDARD = "gnu++20";
				CLANG_ENABLE_MODULES = YES;
				CLANG_ENABLE_OBJC_ARC = YES;
				CLANG_ENABLE_OBJC_WEAK = YES;
				CLANG_WARN_BLOCK_CAPTURE_AUTORELEASING = YES;
				CLANG_WARN_BOOL_CONVERSION = YES;
				CLANG_WARN_COMMA = YES;
				CLANG_WARN_CONSTANT_CONVERSION = YES;
				CLANG_WARN_DEPRECATED_OBJC_IMPLEMENTATIONS = YES;
				CLANG_WARN_DIRECT_OBJC_ISA_USAGE = YES_ERROR;
				CLANG_WARN_DOCUMENTATION_COMMENTS = YES;
				CLANG_WARN_EMPTY_BODY = YES;
				CLANG_WARN_ENUM_CONVERSION = YES;
				CLANG_WARN_INFINITE_RECURSION = YES;
				CLANG_WARN_INT_CONVERSION = YES;
				CLANG_WARN_NON_LITERAL_NULL_CONVERSION = YES;
				CLANG_WARN_OBJC_IMPLICIT_RETAIN_SELF = YES;
				CLANG_WARN_OBJC_LITERAL_CONVERSION = YES;
				CLANG_WARN_OBJC_ROOT_CLASS = YES_ERROR;
				CLANG_WARN_QUOTED_INCLUDE_IN_FRAMEWORK_HEADER = YES;
				CLANG_WARN_RANGE_LOOP_ANALYSIS = YES;
				CLANG_WARN_STRICT_PROTOTYPES = YES;
				CLANG_WARN_SUSPICIOUS_MOVE = YES;
				CLANG_WARN_UNGUARDED_AVAILABILITY = YES_AGGRESSIVE;
				CLANG_WARN_UNREACHABLE_CODE = YES;
				CLANG_WARN__DUPLICATE_METHOD_MATCH = YES;
				COPY_PHASE_STRIP = NO;
				DEBUG_INFORMATION_FORMAT = dwarf;
				ENABLE_STRICT_OBJC_MSGSEND = YES;
				ENABLE_TESTABILITY = YES;
				GCC_C_LANGUAGE_STANDARD = gnu11;
				GCC_DYNAMIC_NO_PIC = NO;
				GCC_NO_COMMON_BLOCKS = YES;
				GCC_OPTIMIZATION_LEVEL = 0;
				GCC_PREPROCESSOR_DEFINITIONS = (
					"DEBUG=1",
					"$(inherited)",
				);
				GCC_WARN_64_TO_32_BIT_CONVERSION = YES;
				GCC_WARN_ABOUT_RETURN_TYPE = YES_ERROR;
				GCC_WARN_UNDECLARED_SELECTOR = YES;
				GCC_WARN_UNINITIALIZED_AUTOS = YES_AGGRESSIVE;
				GCC_WARN_UNUSED_FUNCTION = YES;
				GCC_WARN_UNUSED_VARIABLE = YES;
				IPHONEOS_DEPLOYMENT_TARGET = 16.4;
				MTL_ENABLE_DEBUG_INFO = INCLUDE_SOURCE;
				MTL_FAST_MATH = YES;
				ONLY_ACTIVE_ARCH = YES;
				SDKROOT = iphoneos;
				SWIFT_ACTIVE_COMPILATION_CONDITIONS = DEBUG;
				SWIFT_OPTIMIZATION_LEVEL = "-Onone";
			};
			name = Debug;
		};
		DD7C2D952A7A8A6E00ABE41F /* Release */ = {
			isa = XCBuildConfiguration;
			buildSettings = {
				ALWAYS_SEARCH_USER_PATHS = NO;
				CLANG_ANALYZER_NONNULL = YES;
				CLANG_ANALYZER_NUMBER_OBJECT_CONVERSION = YES_AGGRESSIVE;
				CLANG_CXX_LANGUAGE_STANDARD = "gnu++20";
				CLANG_ENABLE_MODULES = YES;
				CLANG_ENABLE_OBJC_ARC = YES;
				CLANG_ENABLE_OBJC_WEAK = YES;
				CLANG_WARN_BLOCK_CAPTURE_AUTORELEASING = YES;
				CLANG_WARN_BOOL_CONVERSION = YES;
				CLANG_WARN_COMMA = YES;
				CLANG_WARN_CONSTANT_CONVERSION = YES;
				CLANG_WARN_DEPRECATED_OBJC_IMPLEMENTATIONS = YES;
				CLANG_WARN_DIRECT_OBJC_ISA_USAGE = YES_ERROR;
				CLANG_WARN_DOCUMENTATION_COMMENTS = YES;
				CLANG_WARN_EMPTY_BODY = YES;
				CLANG_WARN_ENUM_CONVERSION = YES;
				CLANG_WARN_INFINITE_RECURSION = YES;
				CLANG_WARN_INT_CONVERSION = YES;
				CLANG_WARN_NON_LITERAL_NULL_CONVERSION = YES;
				CLANG_WARN_OBJC_IMPLICIT_RETAIN_SELF = YES;
				CLANG_WARN_OBJC_LITERAL_CONVERSION = YES;
				CLANG_WARN_OBJC_ROOT_CLASS = YES_ERROR;
				CLANG_WARN_QUOTED_INCLUDE_IN_FRAMEWORK_HEADER = YES;
				CLANG_WARN_RANGE_LOOP_ANALYSIS = YES;
				CLANG_WARN_STRICT_PROTOTYPES = YES;
				CLANG_WARN_SUSPICIOUS_MOVE = YES;
				CLANG_WARN_UNGUARDED_AVAILABILITY = YES_AGGRESSIVE;
				CLANG_WARN_UNREACHABLE_CODE = YES;
				CLANG_WARN__DUPLICATE_METHOD_MATCH = YES;
				COPY_PHASE_STRIP = NO;
				DEBUG_INFORMATION_FORMAT = "dwarf-with-dsym";
				ENABLE_NS_ASSERTIONS = NO;
				ENABLE_STRICT_OBJC_MSGSEND = YES;
				GCC_C_LANGUAGE_STANDARD = gnu11;
				GCC_NO_COMMON_BLOCKS = YES;
				GCC_WARN_64_TO_32_BIT_CONVERSION = YES;
				GCC_WARN_ABOUT_RETURN_TYPE = YES_ERROR;
				GCC_WARN_UNDECLARED_SELECTOR = YES;
				GCC_WARN_UNINITIALIZED_AUTOS = YES_AGGRESSIVE;
				GCC_WARN_UNUSED_FUNCTION = YES;
				GCC_WARN_UNUSED_VARIABLE = YES;
				IPHONEOS_DEPLOYMENT_TARGET = 16.4;
				MTL_ENABLE_DEBUG_INFO = NO;
				MTL_FAST_MATH = YES;
				SDKROOT = iphoneos;
				SWIFT_COMPILATION_MODE = wholemodule;
				SWIFT_OPTIMIZATION_LEVEL = "-O";
				VALIDATE_PRODUCT = YES;
			};
			name = Release;
		};
		DD7C2D972A7A8A6E00ABE41F /* Debug */ = {
			isa = XCBuildConfiguration;
			buildSettings = {
				ASSETCATALOG_COMPILER_APPICON_NAME = AppIcon;
				ASSETCATALOG_COMPILER_GLOBAL_ACCENT_COLOR_NAME = AccentColor;
				CODE_SIGN_STYLE = Automatic;
				CURRENT_PROJECT_VERSION = 1;
				DEVELOPMENT_TEAM = Z63JX3TBD5;
				GENERATE_INFOPLIST_FILE = YES;
				INFOPLIST_FILE = MeinLidar/Info.plist;
				INFOPLIST_KEY_UIApplicationSupportsIndirectInputEvents = YES;
				INFOPLIST_KEY_UILaunchStoryboardName = LaunchScreen;
				INFOPLIST_KEY_UIMainStoryboardFile = Main;
				INFOPLIST_KEY_UISupportedInterfaceOrientations_iPad = "UIInterfaceOrientationPortrait UIInterfaceOrientationPortraitUpsideDown UIInterfaceOrientationLandscapeLeft UIInterfaceOrientationLandscapeRight";
				INFOPLIST_KEY_UISupportedInterfaceOrientations_iPhone = "UIInterfaceOrientationPortrait UIInterfaceOrientationLandscapeLeft UIInterfaceOrientationLandscapeRight";
				IPHONEOS_DEPLOYMENT_TARGET = 15.6;
				LD_RUNPATH_SEARCH_PATHS = (
					"$(inherited)",
					"@executable_path/Frameworks",
				);
				MARKETING_VERSION = 1.0;
				PRODUCT_BUNDLE_IDENTIFIER = com.emrelvs.MeinLidar;
				PRODUCT_NAME = "$(TARGET_NAME)";
				SWIFT_EMIT_LOC_STRINGS = YES;
				SWIFT_VERSION = 5.0;
				TARGETED_DEVICE_FAMILY = "1,2";
			};
			name = Debug;
		};
		DD7C2D982A7A8A6E00ABE41F /* Release */ = {
			isa = XCBuildConfiguration;
			buildSettings = {
				ASSETCATALOG_COMPILER_APPICON_NAME = AppIcon;
				ASSETCATALOG_COMPILER_GLOBAL_ACCENT_COLOR_NAME = AccentColor;
				CODE_SIGN_STYLE = Automatic;
				CURRENT_PROJECT_VERSION = 1;
				DEVELOPMENT_TEAM = Z63JX3TBD5;
				GENERATE_INFOPLIST_FILE = YES;
				INFOPLIST_FILE = MeinLidar/Info.plist;
				INFOPLIST_KEY_UIApplicationSupportsIndirectInputEvents = YES;
				INFOPLIST_KEY_UILaunchStoryboardName = LaunchScreen;
				INFOPLIST_KEY_UIMainStoryboardFile = Main;
				INFOPLIST_KEY_UISupportedInterfaceOrientations_iPad = "UIInterfaceOrientationPortrait UIInterfaceOrientationPortraitUpsideDown UIInterfaceOrientationLandscapeLeft UIInterfaceOrientationLandscapeRight";
				INFOPLIST_KEY_UISupportedInterfaceOrientations_iPhone = "UIInterfaceOrientationPortrait UIInterfaceOrientationLandscapeLeft UIInterfaceOrientationLandscapeRight";
				IPHONEOS_DEPLOYMENT_TARGET = 15.6;
				LD_RUNPATH_SEARCH_PATHS = (
					"$(inherited)",
					"@executable_path/Frameworks",
				);
				MARKETING_VERSION = 1.0;
				PRODUCT_BUNDLE_IDENTIFIER = com.emrelvs.MeinLidar;
				PRODUCT_NAME = "$(TARGET_NAME)";
				SWIFT_EMIT_LOC_STRINGS = YES;
				SWIFT_VERSION = 5.0;
				TARGETED_DEVICE_FAMILY = "1,2";
			};
			name = Release;
		};
/* End XCBuildConfiguration section */

/* Begin XCConfigurationList section */
		DD7C2D7D2A7A8A6D00ABE41F /* Build configuration list for PBXProject "MeinLidar" */ = {
			isa = XCConfigurationList;
			buildConfigurations = (
				DD7C2D942A7A8A6E00ABE41F /* Debug */,
				DD7C2D952A7A8A6E00ABE41F /* Release */,
			);
			defaultConfigurationIsVisible = 0;
			defaultConfigurationName = Release;
		};
		DD7C2D962A7A8A6E00ABE41F /* Build configuration list for PBXNativeTarget "MeinLidar" */ = {
			isa = XCConfigurationList;
			buildConfigurations = (
				DD7C2D972A7A8A6E00ABE41F /* Debug */,
				DD7C2D982A7A8A6E00ABE41F /* Release */,
			);
			defaultConfigurationIsVisible = 0;
			defaultConfigurationName = Release;
		};
/* End XCConfigurationList section */
	};
	rootObject = DD7C2D7A2A7A8A6D00ABE41F /* Project object */;
}
